
Microsoft Visual Studio Solution File, Format Version 12.00
# Visual Studio Version 17
VisualStudioVersion = 17.3.32901.215
MinimumVisualStudioVersion = 10.0.40219.1
Project("{8BC9CEB8-8B4A-11D0-8D11-00A0C91BC942}") = "LinkedList", "LinkedList\LinkedList.vcxproj", "{756130D0-E114-48E2-9DD6-D240477863BE}"
EndProject
Global
	GlobalSection(SolutionConfigurationPlatforms) = preSolution
		Debug|x64 = Debug|x64
		Debug|x86 = Debug|x86
		Release|x64 = Release|x64
		Release|x86 = Release|x86
	EndGlobalSection
	GlobalSection(ProjectConfigurationPlatforms) = postSolution
		{756130D0-E114-48E2-9DD6-D240477863BE}.Debug|x64.ActiveCfg = Debug|x64
		{756130D0-E114-48E2-9DD6-D240477863BE}.Debug|x64.Build.0 = Debug|x64
		{756130D0-E114-48E2-9DD6-D240477863BE}.Debug|x86.ActiveCfg = Debug|Win32
		{756130D0-E114-48E2-9DD6-D240477863BE}.Debug|x86.Build.0 = Debug|Win32
		{756130D0-E114-48E2-9DD6-D240477863BE}.Release|x64.ActiveCfg = Release|x64
		{756130D0-E114-48E2-9DD6-D240477863BE}.Release|x64.Build.0 = Release|x64
		{756130D0-E114-48E2-9DD6-D240477863BE}.Release|x86.ActiveCfg = Release|Win32
		{756130D0-E114-48E2-9DD6-D240477863BE}.Release|x86.Build.0 = Release|Win32
	EndGlobalSection
	GlobalSection(SolutionProperties) = preSolution
		HideSolutionNode = FALSE
	EndGlobalSection
	GlobalSection(ExtensibilityGlobals) = postSolution
		SolutionGuid = {97BD291F-9884-4C78-B53B-F370E8C56F31}
	EndGlobalSection
EndGlobal
